
Microsoft Visual Studio Solution File, Format Version 12.00
# Visual Studio 15
VisualStudioVersion = 15.0.28010.2041
MinimumVisualStudioVersion = 10.0.40219.1
Project("{FAE04EC0-301F-11D3-BF4B-00C04F79EFBC}") = "Grades", "Grades\Grades.csproj", "{C13E2927-C110-4497-9155-54F6FB321BE5}"
EndProject
Project("{FAE04EC0-301F-11D3-BF4B-00C04F79EFBC}") = "Grades.Tests", "Grades.Tests\Grades.Tests.csproj", "{A337AC33-7071-4E5D-9B94-3E6E3FAE06FD}"
EndProject
Global
	GlobalSection(SolutionConfigurationPlatforms) = preSolution
		Debug|Any CPU = Debug|Any CPU
		Release|Any CPU = Release|Any CPU
	EndGlobalSection
	GlobalSection(ProjectConfigurationPlatforms) = postSolution
		{C13E2927-C110-4497-9155-54F6FB321BE5}.Debug|Any CPU.ActiveCfg = Debug|Any CPU
		{C13E2927-C110-4497-9155-54F6FB321BE5}.Debug|Any CPU.Build.0 = Debug|Any CPU
		{C13E2927-C110-4497-9155-54F6FB321BE5}.Release|Any CPU.ActiveCfg = Release|Any CPU
		{C13E2927-C110-4497-9155-54F6FB321BE5}.Release|Any CPU.Build.0 = Release|Any CPU
		{A337AC33-7071-4E5D-9B94-3E6E3FAE06FD}.Debug|Any CPU.ActiveCfg = Debug|Any CPU
		{A337AC33-7071-4E5D-9B94-3E6E3FAE06FD}.Debug|Any CPU.Build.0 = Debug|Any CPU
		{A337AC33-7071-4E5D-9B94-3E6E3FAE06FD}.Release|Any CPU.ActiveCfg = Release|Any CPU
		{A337AC33-7071-4E5D-9B94-3E6E3FAE06FD}.Release|Any CPU.Build.0 = Release|Any CPU
	EndGlobalSection
	GlobalSection(SolutionProperties) = preSolution
		HideSolutionNode = FALSE
	EndGlobalSection
	GlobalSection(ExtensibilityGlobals) = postSolution
		SolutionGuid = {AD1211BC-EDC4-4E86-BDF7-7C08645AEF89}
	EndGlobalSection
EndGlobal
